
Microsoft Visual Studio Solution File, Format Version 12.00
# Visual Studio Version 17
VisualStudioVersion = 17.14.36212.18 d17.14
MinimumVisualStudioVersion = 10.0.40219.1
Project("{FAE04EC0-301F-11D3-BF4B-00C04F79EFBC}") = "FlappyBird", "FlappyBird\FlappyBird.csproj", "{6549CBD6-CF23-4FA2-8A27-6AFFFA467574}"
EndProject
Global
	GlobalSection(SolutionConfigurationPlatforms) = preSolution
		Debug|Any CPU = Debug|Any CPU
		Release|Any CPU = Release|Any CPU
	EndGlobalSection
	GlobalSection(ProjectConfigurationPlatforms) = postSolution
		{6549CBD6-CF23-4FA2-8A27-6AFFFA467574}.Debug|Any CPU.ActiveCfg = Debug|Any CPU
		{6549CBD6-CF23-4FA2-8A27-6AFFFA467574}.Debug|Any CPU.Build.0 = Debug|Any CPU
		{6549CBD6-CF23-4FA2-8A27-6AFFFA467574}.Release|Any CPU.ActiveCfg = Release|Any CPU
		{6549CBD6-CF23-4FA2-8A27-6AFFFA467574}.Release|Any CPU.Build.0 = Release|Any CPU
	EndGlobalSection
	GlobalSection(SolutionProperties) = preSolution
		HideSolutionNode = FALSE
	EndGlobalSection
	GlobalSection(ExtensibilityGlobals) = postSolution
		SolutionGuid = {5C135BDA-C722-4A39-9C5D-1906450AAA7F}
	EndGlobalSection
EndGlobal
